github.com/davecgh/go-spew v1.1.1 h1:vj9j/u1bqnvCEfJOwUhtlOARqs3+rkHYY13jYWTU97c=
github.com/davecgh/go-spew v1.1.1/go.mod h1:J7Y8YcW2NihsgmVo/mv3lAwl/skON4iLHjSsI+c5H38=
github.com/logrusorgru/aurora v2.0.3+incompatible/go.mod h1:7rIyQOR62GCctdiQpZ/zOJlFyk6y+94wXzv6RNZgaR4=
github.com/pkg/errors v0.9.1 h1:FEBLx1zS214owpjy7qsBeixbURkuhQAwrK5UwLGTwt4=
github.com/pkg/errors v0.9.1/go.mod h1:bwawxfHBFNV+L2hUp1rHADufV3IMtnDRdf1r5NINEl0=
github.com/pmezard/go-difflib v1.0.0 h1:4DBwDE0NGyQoBHbLQYPwSUPoCMWR5BEzIk/f1lZbAQM=
github.com/pmezard/go-difflib v1.0.0/go.mod h1:iKH77koFhYxTK1pcRnkKkqfTogsbg7gZNVY4sRDYZ/4=
github.com/sirupsen/logrus v1.8.1 h1:dJKuHgqk1NNQlqoA6BTlM1Wf9DOH3NBjQyu0h9+AZZE=
github.com/sirupsen/logrus v1.8.1/go.mod h1:yWOB1SBYBC5VeMP7gHvWumXLIWorT60ONWic61uBYv0=
github.com/skeptycal/anybool v0.1.0-1643734703096713/go.mod h1:O97PK32XjZ8x5FtgUlNwXsJHPsAlm/fy4Cd+e7I59b4=
github.com/skeptycal/anybool v0.1.0-1643737876466933 h1:O0Rk2pvRmVUtvMego8JyvYEbU1DRilXzFsZSABHGKT4=
github.com/skeptycal/anybool v0.1.0-1643737876466933/go.mod h1:O97PK32XjZ8x5FtgUlNwXsJHPsAlm/fy4Cd+e7I59b4=
github.com/skeptycal/defaults v0.1.0-1643731169010399/go.mod h1:3LM7J/fLFPTsTgcg80MrET+fD6M4somERA7FBTW4SaA=
github.com/skeptycal/defaults v0.1.0-1643822605979528 h1:xgKcnO/PgLKG5MldIH6P0wZEONT4vSqYjMfVgQ+Hw8A=
github.com/skeptycal/defaults v0.1.0-1643822605979528/go.mod h1:p0u/IJtziPGfEdtsHSZvDoRYGo52ZJ3j1+AiuYYU0G0=
github.com/skeptycal/errorlogger v0.4.0 h1:vDC3EycHpNmNgs7wj+tHTrZZNSREfbnkdO5ez6dlAGU=
github.com/skeptycal/errorlogger v0.4.0/go.mod h1:1yb06stPcV4i9Z1laI+94E0uHjX9rUETLJBUyJ10p8A=
github.com/skeptycal/types v0.1.0-1643732044523136/go.mod h1:fudJ1CeHnOWKuHX3RvRkMBSDA/Jx8KzE6XqIvJt8oCU=
github.com/skeptycal/types v0.1.0-1643737902805932 h1:UP/0m0baHouQPEv2LTcA1C78uUFGt4LN5xBFc2S25e4=
github.com/skeptycal/types v0.1.0-1643737902805932/go.mod h1:nkzB1Ppu52rqvLt5KMAYdvTB5NVinmgHrRFfA+THsaE=
github.com/stretchr/testify v1.2.2 h1:bSDNvY7ZPG5RlJ8otE/7V6gMiyenm9RtJ7IUVIAoJ1w=
github.com/stretchr/testify v1.2.2/go.mod h1:a8OnRcib4nhh0OaRAV+Yts87kKdq0PP7pXfy6kDkUVs=
golang.org/x/sys v0.0.0-20191026070338-33540a1f6037/go.mod h1:h1NjWce9XRLGQEsW7wpKNCjG9DtNlClVuFLEZdDNbEs=
golang.org/x/sys v0.0.0-20210421221651-33663a62ff08/go.mod h1:h1NjWce9XRLGQEsW7wpKNCjG9DtNlClVuFLEZdDNbEs=
golang.org/x/sys v0.0.0-20220114195835-da31bd327af9 h1:XfKQ4OlFl8okEOr5UvAqFRVj8pY/4yfcXrddB8qAbU0=
golang.org/x/sys v0.0.0-20220114195835-da31bd327af9/go.mod h1:oPkhp1MJrh7nUepCBck5+mAzfO9JrbApNNgaTdGDITg=
